{
  "lockfileVersion": 1,
  "configVersion": 1,
  "workspaces": {
    "": {
      "name": "poopseek-figma-plugin",
      "devDependencies": {
        "@figma/plugin-typings": "^1.108.0",
      },
    },
  },
  "packages": {
    "@figma/plugin-typings": ["@figma/plugin-typings@1.125.0", "", {}, "sha512-8cXB4iKyRFl+/DryImvTngkFtgnowZUeFu/dt/jSaFL04mOKhGoZE1d1Vz+sUKUdZWXibGIWexCCdFK5gH5zxg=="],
  }
}
